
Microsoft Visual Studio Solution File, Format Version 12.00
# Visual Studio Version 17
VisualStudioVersion = 17.0.32112.339
MinimumVisualStudioVersion = 10.0.40219.1
Project("{FAE04EC0-301F-11D3-BF4B-00C04F79EFBC}") = "PatronSingleton", "PatronSingleton\PatronSingleton.csproj", "{0EDF174B-7754-4982-B48A-1538D9C5D8EC}"
EndProject
Global
	GlobalSection(SolutionConfigurationPlatforms) = preSolution
		Debug|Any CPU = Debug|Any CPU
		Release|Any CPU = Release|Any CPU
	EndGlobalSection
	GlobalSection(ProjectConfigurationPlatforms) = postSolution
		{0EDF174B-7754-4982-B48A-1538D9C5D8EC}.Debug|Any CPU.ActiveCfg = Debug|Any CPU
		{0EDF174B-7754-4982-B48A-1538D9C5D8EC}.Debug|Any CPU.Build.0 = Debug|Any CPU
		{0EDF174B-7754-4982-B48A-1538D9C5D8EC}.Release|Any CPU.ActiveCfg = Release|Any CPU
		{0EDF174B-7754-4982-B48A-1538D9C5D8EC}.Release|Any CPU.Build.0 = Release|Any CPU
	EndGlobalSection
	GlobalSection(SolutionProperties) = preSolution
		HideSolutionNode = FALSE
	EndGlobalSection
	GlobalSection(ExtensibilityGlobals) = postSolution
		SolutionGuid = {B042DE68-D8B7-4A8C-891E-617BB6C3EBEE}
	EndGlobalSection
EndGlobal
